// !$*UTF8*$!
{
	archiveVersion = 1;
	classes = {
	};
	objectVersion = 60;
	objects = {

/* Begin PBXBuildFile section */
		032C564DC8A0F3D4D62BC798 /* ProfileView.swift in Sources */ = {isa = PBXBuildFile; fileRef = 96207CDBA3609DE06C4239DF /* ProfileView.swift */; };
		B16A0000000000000000B001 /* ProfileTabView.swift in Sources */ = {isa = PBXBuildFile; fileRef = B16A0000000000000000A001 /* ProfileTabView.swift */; };
		033FC47E3D81ABFB62F0C352 /* Domain in Frameworks */ = {isa = PBXBuildFile; productRef = 62ED812F1D8049CBAE6F6278 /* Domain */; };
		12BA3242BD0820C1F303E6D0 /* DesignSystem in Frameworks */ = {isa = PBXBuildFile; productRef = F1447FC049859DEDCC4CDB4A /* DesignSystem */; };
		163489A6E89B817A87D107A0 /* MatchPlayView.swift in Sources */ = {isa = PBXBuildFile; fileRef = 25AA1BD3EAD4A3DC5B516CC7 /* MatchPlayView.swift */; };
		188202D3EB10D2CD01A3BC5C /* QuiMeneWidgetBundle.swift in Sources */ = {isa = PBXBuildFile; fileRef = 3C2581102A3F3BC41B60D067 /* QuiMeneWidgetBundle.swift */; };
		1A4A5AF525AF7E3744290706 /* ParticipantRecord+Avatar.swift in Sources */ = {isa = PBXBuildFile; fileRef = 437E55AE4133903D59398F69 /* ParticipantRecord+Avatar.swift */; };
		1C0AC5F7DB9C7CCDF5852C46 /* KeyboardObserver.swift in Sources */ = {isa = PBXBuildFile; fileRef = B4069F1BD7B30DB92C9BF1AB /* KeyboardObserver.swift */; };
		203B4F66DD594430ADC288C6 /* SharedProfileSyncCoordinator.swift in Sources */ = {isa = PBXBuildFile; fileRef = DDD7C68BECEA4F45B88B67C5 /* SharedProfileSyncCoordinator.swift */; };
		21214466801143AA906B98BE /* ScoreBoardView.swift in Sources */ = {isa = PBXBuildFile; fileRef = DCA772F16A8046CCB612620B /* ScoreBoardView.swift */; };
		219476AA6D1FAB5C436F851C /* LeaderboardEntry+Avatar.swift in Sources */ = {isa = PBXBuildFile; fileRef = 04A58E01CFAB3BC0DED7B19D /* LeaderboardEntry+Avatar.swift */; };
		227E4860995218D9A9105300 /* GamesTabView.swift in Sources */ = {isa = PBXBuildFile; fileRef = 5EFB7CD056077D671ED76AF9 /* GamesTabView.swift */; };
		22A26A3D66FC3BDB4954FE9F /* MatchLiveActivityWidget.swift in Sources */ = {isa = PBXBuildFile; fileRef = BCA00ECB7595F62002FC421C /* MatchLiveActivityWidget.swift */; };
		23BC6769A3DEA226BAAC6BA9 /* MatchSetupView.swift in Sources */ = {isa = PBXBuildFile; fileRef = F22BB7F6F50FBAC4AD75FF39 /* MatchSetupView.swift */; };
		248B7282A9A5A9680B608D46 /* Catalog in Frameworks */ = {isa = PBXBuildFile; productRef = 0451D4F7B3D2724DB732295B /* Catalog */; };
		34DA3F2811B551DE7804DAA3 /* Domain in Frameworks */ = {isa = PBXBuildFile; productRef = B55D3B84D88AC66AE349B7FA /* Domain */; };
		399BEAEE80010D1CAE1085DA /* SharedMatchView.swift in Sources */ = {isa = PBXBuildFile; fileRef = 4A9F5EDAC041F9E23EED5B5D /* SharedMatchView.swift */; };
		3D8ED29B740891E0A83141FC /* MatchSetupModelTests.swift in Sources */ = {isa = PBXBuildFile; fileRef = 8C242A8CBE4B3A54DF07033F /* MatchSetupModelTests.swift */; };
		3F3546CAAB8E926419CC8851 /* LiveMatchView.swift in Sources */ = {isa = PBXBuildFile; fileRef = 7A7326A3B54C2A7022BFF31D /* LiveMatchView.swift */; };
		449D14BD722EA2711E98EFEC /* PlayerRecord+Avatar.swift in Sources */ = {isa = PBXBuildFile; fileRef = 995D8274A3CEAA3E755A72E6 /* PlayerRecord+Avatar.swift */; };
		4A2C78824B135828FE2E5FC6 /* QRScannerView.swift in Sources */ = {isa = PBXBuildFile; fileRef = E465C66E83BEDE023DDBDBFB /* QRScannerView.swift */; };
		4A56CC9B8C9F6878EB95DC28 /* HistoryListModel.swift in Sources */ = {isa = PBXBuildFile; fileRef = 849F62578BC9685EEC910AC8 /* HistoryListModel.swift */; };
		509242CF2FF4DB88D1125A94 /* Domain in Frameworks */ = {isa = PBXBuildFile; productRef = 52A42D4B0C5C94DF1D08F8CD /* Domain */; };
		52E4F168D3F9659FD5DA76CE /* RoundHistoryView.swift in Sources */ = {isa = PBXBuildFile; fileRef = B18BE4332F79E7E4167B768D /* RoundHistoryView.swift */; };
		5F0AAA9466CE0936F3BAA6B1 /* QRCodeView.swift in Sources */ = {isa = PBXBuildFile; fileRef = D90C5383931C73460C54F4F3 /* QRCodeView.swift */; };
		5F633A43AE7C4EE4BACFCB7C /* Localizable.xcstrings in Resources */ = {isa = PBXBuildFile; fileRef = 1FD83055930B42098109B9DD /* Localizable.xcstrings */; };
		60FC842FC3B1BA12ED6EC82B /* SettingsView.swift in Sources */ = {isa = PBXBuildFile; fileRef = 4DC2275071173C4FD737F895 /* SettingsView.swift */; };
		61520B89D0584AE79C324B92 /* TarotRoundView.swift in Sources */ = {isa = PBXBuildFile; fileRef = D6CCE5E938E2481F96A2BE45 /* TarotRoundView.swift */; };
		619A306B28F84BC1B13796B9 /* TarotRoundModel.swift in Sources */ = {isa = PBXBuildFile; fileRef = 491F86BC6CB843A08C8BFAC8 /* TarotRoundModel.swift */; };
		6389CCBC2E955F0259E97312 /* Assets.xcassets in Resources */ = {isa = PBXBuildFile; fileRef = 9BB59FBD1B31E852B0902041 /* Assets.xcassets */; };
		6F75B1B9F9DDD45985444DD6 /* Store in Frameworks */ = {isa = PBXBuildFile; productRef = E0D5A21FB1240814A77C1ECF /* Store */; };
		7133C10A6CB5431699C7EE61 /* WizardRoundModel.swift in Sources */ = {isa = PBXBuildFile; fileRef = D5006B6B55B04D4B989A22DC /* WizardRoundModel.swift */; };
		7345EA92A33843BEABBBA361 /* ReceivedMatchDetailView.swift in Sources */ = {isa = PBXBuildFile; fileRef = A7EEC50D41274CA386185DD0 /* ReceivedMatchDetailView.swift */; };
		7640F44AE3EC6B71C8FB21C1 /* LiveMatchModelTests.swift in Sources */ = {isa = PBXBuildFile; fileRef = AAC33FCCCB34E3C6302345F6 /* LiveMatchModelTests.swift */; };
		79D0E3EDB4F4CE6D1B24E750 /* MatchSetupModel.swift in Sources */ = {isa = PBXBuildFile; fileRef = FEC066611F334B03347B64CF /* MatchSetupModel.swift */; };
		7E2DCF48E4B0EF1AFC137EEC /* DesignSystem in Frameworks */ = {isa = PBXBuildFile; productRef = 1C6B054AB4DCB332805D9C75 /* DesignSystem */; };
		7E89996D555AE0DAB9395FCE /* HistoryListView.swift in Sources */ = {isa = PBXBuildFile; fileRef = 28E50786A288307CA348EB4C /* HistoryListView.swift */; };
		810333B2DED241AE91824EE1 /* WizardRoundView.swift in Sources */ = {isa = PBXBuildFile; fileRef = 62E9F18BC8AC427EB63550A4 /* WizardRoundView.swift */; };
		84D74211B8E5780DC8B5E153 /* ShareSessionView.swift in Sources */ = {isa = PBXBuildFile; fileRef = 7A4AA12BF22916E17C286D79 /* ShareSessionView.swift */; };
		859CC59406BE5E3668672C56 /* QuiMeneWidgetExtension.appex in Embed Foundation Extensions */ = {isa = PBXBuildFile; fileRef = F6F181867B7C700F8A482072 /* QuiMeneWidgetExtension.appex */; settings = {ATTRIBUTES = (RemoveHeadersOnCopy, ); }; };
		86FE3227B5C52B9EA27E1603 /* ResultsView.swift in Sources */ = {isa = PBXBuildFile; fileRef = 7EF5EB3CCD9611F48C73CA25 /* ResultsView.swift */; };
		9090DFA008FD57B2EDE7BB98 /* GameRequestMail.swift in Sources */ = {isa = PBXBuildFile; fileRef = 4091B363DDA376BC3D929F1E /* GameRequestMail.swift */; };
		912EA607857AFA5094D04769 /* Store in Frameworks */ = {isa = PBXBuildFile; productRef = D36CAD810ED43369A90639A4 /* Store */; };
		93ABBD31DC73BCD3BFF9E6A5 /* GameLeaderboardView.swift in Sources */ = {isa = PBXBuildFile; fileRef = 51937173CB82FD4B8BDEC2AA /* GameLeaderboardView.swift */; };
		9A65BC70B64D4BA9B175F5BF /* JoinTabView.swift in Sources */ = {isa = PBXBuildFile; fileRef = 63E171C3E9CD46419025BF66 /* JoinTabView.swift */; };
		9C43D7D16A3F53BA9787B2BF /* Sync in Frameworks */ = {isa = PBXBuildFile; productRef = F740A7CA732186A944BCFB08 /* Sync */; };
		9DE96A014697BE8E4D320CD8 /* LiveMatchModel.swift in Sources */ = {isa = PBXBuildFile; fileRef = 0F88BAB91585ED031873F11E /* LiveMatchModel.swift */; };
		A180C18A0F286D7716C8840B /* PlayersListView.swift in Sources */ = {isa = PBXBuildFile; fileRef = 64408707A5A5A18290837917 /* PlayersListView.swift */; };
		A1C0FFEE00000000000000B2 /* PrivacyInfo.xcprivacy in Resources */ = {isa = PBXBuildFile; fileRef = A1C0FFEE00000000000000A1 /* PrivacyInfo.xcprivacy */; };
		A8A8DA3BF70AD6F17224FC8F /* MatchConnectionCoordinator.swift in Sources */ = {isa = PBXBuildFile; fileRef = A9DA809DE7377203DF8A1FC3 /* MatchConnectionCoordinator.swift */; };
		A8DA3EEB38F09B316EF8A281 /* QuiMeneApp.swift in Sources */ = {isa = PBXBuildFile; fileRef = 8E82C29D2632630F7291EE5F /* QuiMeneApp.swift */; };
		A936D2508B01657A48888CA7 /* YamsSheetView.swift in Sources */ = {isa = PBXBuildFile; fileRef = 105261167430649BF69A491B /* YamsSheetView.swift */; };
		B243C82CCD4FB7BD906DF139 /* Catalog in Frameworks */ = {isa = PBXBuildFile; productRef = C393CB4A4C17D9669B3A38A2 /* Catalog */; };
		B3565077B3AA441BAD9EDFF9 /* PlayerEditorModel.swift in Sources */ = {isa = PBXBuildFile; fileRef = 46DFDD02B82CA2F050740E86 /* PlayerEditorModel.swift */; };
		B46B3AADB48EFF455E74A65C /* BeloteRoundModel.swift in Sources */ = {isa = PBXBuildFile; fileRef = E33D25510FA11118DE442CB2 /* BeloteRoundModel.swift */; };
		B49371650F68455D9332EDD1 /* ArchivedMatchesView.swift in Sources */ = {isa = PBXBuildFile; fileRef = A44F1408763A46ADA3A64F4D /* ArchivedMatchesView.swift */; };
		B6449644E869D1BE27A094BF /* PlayerEditorModelTests.swift in Sources */ = {isa = PBXBuildFile; fileRef = E2B32522E3C3BECDBE1FBB2B /* PlayerEditorModelTests.swift */; };
		B6B7C455B24B036B4984AF64 /* HistoryDetailView.swift in Sources */ = {isa = PBXBuildFile; fileRef = 2697E16A79242AF14FF10256 /* HistoryDetailView.swift */; };
		BB1F56D622DFABC00CB8B98C /* ResultsShareCard.swift in Sources */ = {isa = PBXBuildFile; fileRef = AAB3431F9771731267D9EC71 /* ResultsShareCard.swift */; };
		BD81CB8E6FA7BB85A98599A9 /* PlayerEditorView.swift in Sources */ = {isa = PBXBuildFile; fileRef = 4F181C9B14E19D6B30064D7E /* PlayerEditorView.swift */; };
		BE1477E7D8965E3F525C95B7 /* ArchivedPlayersView.swift in Sources */ = {isa = PBXBuildFile; fileRef = ACECD00F003F1196DA804A2D /* ArchivedPlayersView.swift */; };
		BE6BC237E6BEA852D7D6CC60 /* Catalog in Frameworks */ = {isa = PBXBuildFile; productRef = 033073A7339C70DDE2FEF711 /* Catalog */; };
		C01898AD075E727F39FB5C3F /* BeloteRoundView.swift in Sources */ = {isa = PBXBuildFile; fileRef = EFAAD36FF72BABA0EA7DA7CC /* BeloteRoundView.swift */; };
		C227FDDBD1C6825CFF496CBA /* AvatarPhotoProcessor.swift in Sources */ = {isa = PBXBuildFile; fileRef = 052D480A99B3CEFE2DC01CC6 /* AvatarPhotoProcessor.swift */; };
		C3AA6E864D68EC394369D686 /* JoinLink.swift in Sources */ = {isa = PBXBuildFile; fileRef = 3BD054369BC077C799BBFF57 /* JoinLink.swift */; };
		CC4C14AE1927D962679B0443 /* DeepLinkRouter.swift in Sources */ = {isa = PBXBuildFile; fileRef = 8DE229A134D6300341412C0E /* DeepLinkRouter.swift */; };
		CC6D4E2BB43A69AB79637081 /* LiveShareCoordinator.swift in Sources */ = {isa = PBXBuildFile; fileRef = 15E03711B56AB6A5F9F7A288 /* LiveShareCoordinator.swift */; };
		C16C0000000000000000B002 /* NextMatchPicker.swift in Sources */ = {isa = PBXBuildFile; fileRef = C16C0000000000000000A002 /* NextMatchPicker.swift */; };
		C16C0000000000000000B001 /* SessionLink.swift in Sources */ = {isa = PBXBuildFile; fileRef = C16C0000000000000000A001 /* SessionLink.swift */; };
		DDF0CF323C42A6717A2F2536 /* SharedMatchModel.swift in Sources */ = {isa = PBXBuildFile; fileRef = ED88C4CDA8CFDA746AC9588D /* SharedMatchModel.swift */; };
		EA83AEE01FBE39E611E4EAA6 /* Store in Frameworks */ = {isa = PBXBuildFile; productRef = 4169DC47B02D4B5A5F243DE9 /* Store */; };
		EB18547401CE403AA928257E /* ProfileShareLink.swift in Sources */ = {isa = PBXBuildFile; fileRef = FECAC647297540EA84E48BF6 /* ProfileShareLink.swift */; };
		ED9802FF72A9AD579FC068EF /* MatchLiveActivityController.swift in Sources */ = {isa = PBXBuildFile; fileRef = 08AE0320DC761E1775EBBD52 /* MatchLiveActivityController.swift */; };
		F5C748596F7079EDC19CB3DA /* YamsSheetModel.swift in Sources */ = {isa = PBXBuildFile; fileRef = BADA2645FCD7DF45BDBEF1A4 /* YamsSheetModel.swift */; };
		F90C9C1F96CB125785E4A63B /* Foundation.framework in Frameworks */ = {isa = PBXBuildFile; fileRef = 166377630E42779B0C5793ED /* Foundation.framework */; };
		FD8BC4C3AE2D4819B0583BCA /* QuiMeneUITests.swift in Sources */ = {isa = PBXBuildFile; fileRef = 8FF955D9B59F4DB880763DAD /* QuiMeneUITests.swift */; };
		FECF6A04A5074AE19E39062F /* MatchContinuation.swift in Sources */ = {isa = PBXBuildFile; fileRef = E6251C1B9A134F5DA88F87E3 /* MatchContinuation.swift */; };
/* End PBXBuildFile section */

/* Begin PBXContainerItemProxy section */
		5CF327D7F748F95AF8101FEA /* PBXContainerItemProxy */ = {
			isa = PBXContainerItemProxy;
			containerPortal = 194311EE5894E3937B117456 /* Project object */;
			proxyType = 1;
			remoteGlobalIDString = E2AFF0D5BDF162F6150E5E89;
			remoteInfo = QuiMeneWidgetExtension;
		};
		793A0DEA49A843B1AAC0ABAF /* PBXContainerItemProxy */ = {
			isa = PBXContainerItemProxy;
			containerPortal = 194311EE5894E3937B117456 /* Project object */;
			proxyType = 1;
			remoteGlobalIDString = A259F8DC917294226461FCC3;
			remoteInfo = QuiMene;
		};
		9B4F4128897172553FA091C0 /* PBXContainerItemProxy */ = {
			isa = PBXContainerItemProxy;
			containerPortal = 194311EE5894E3937B117456 /* Project object */;
			proxyType = 1;
			remoteGlobalIDString = A259F8DC917294226461FCC3;
			remoteInfo = QuiMene;
		};
/* End PBXContainerItemProxy section */

/* Begin PBXCopyFilesBuildPhase section */
		2C8302DC0AB0E1304EB683D5 /* Embed Foundation Extensions */ = {
			isa = PBXCopyFilesBuildPhase;
			buildActionMask = 2147483647;
			dstPath = "";
			dstSubfolderSpec = 13;
			files = (
				859CC59406BE5E3668672C56 /* QuiMeneWidgetExtension.appex in Embed Foundation Extensions */,
			);
			name = "Embed Foundation Extensions";
			runOnlyForDeploymentPostprocessing = 0;
		};
/* End PBXCopyFilesBuildPhase section */

/* Begin PBXFileReference section */
		04A58E01CFAB3BC0DED7B19D /* LeaderboardEntry+Avatar.swift */ = {isa = PBXFileReference; includeInIndex = 1; lastKnownFileType = sourcecode.swift; path = "LeaderboardEntry+Avatar.swift"; sourceTree = "<group>"; };
		052D480A99B3CEFE2DC01CC6 /* AvatarPhotoProcessor.swift */ = {isa = PBXFileReference; lastKnownFileType = sourcecode.swift; path = AvatarPhotoProcessor.swift; sourceTree = "<group>"; };
		08AE0320DC761E1775EBBD52 /* MatchLiveActivityController.swift */ = {isa = PBXFileReference; includeInIndex = 1; lastKnownFileType = sourcecode.swift; path = MatchLiveActivityController.swift; sourceTree = "<group>"; };
		0F88BAB91585ED031873F11E /* LiveMatchModel.swift */ = {isa = PBXFileReference; lastKnownFileType = sourcecode.swift; path = LiveMatchModel.swift; sourceTree = "<group>"; };
		105261167430649BF69A491B /* YamsSheetView.swift */ = {isa = PBXFileReference; lastKnownFileType = sourcecode.swift; path = YamsSheetView.swift; sourceTree = "<group>"; };
		15E03711B56AB6A5F9F7A288 /* LiveShareCoordinator.swift */ = {isa = PBXFileReference; includeInIndex = 1; lastKnownFileType = sourcecode.swift; path = LiveShareCoordinator.swift; sourceTree = "<group>"; };
		C16C0000000000000000A002 /* NextMatchPicker.swift */ = {isa = PBXFileReference; includeInIndex = 1; lastKnownFileType = sourcecode.swift; path = NextMatchPicker.swift; sourceTree = "<group>"; };
		C16C0000000000000000A001 /* SessionLink.swift */ = {isa = PBXFileReference; includeInIndex = 1; lastKnownFileType = sourcecode.swift; path = SessionLink.swift; sourceTree = "<group>"; };
		166377630E42779B0C5793ED /* Foundation.framework */ = {isa = PBXFileReference; lastKnownFileType = wrapper.framework; name = Foundation.framework; path = Platforms/iPhoneOS.platform/Developer/SDKs/iPhoneOS26.0.sdk/System/Library/Frameworks/Foundation.framework; sourceTree = DEVELOPER_DIR; };
		1FD83055930B42098109B9DD /* Localizable.xcstrings */ = {isa = PBXFileReference; lastKnownFileType = text.json.xcstrings; path = Localizable.xcstrings; sourceTree = "<group>"; };
		25AA1BD3EAD4A3DC5B516CC7 /* MatchPlayView.swift */ = {isa = PBXFileReference; lastKnownFileType = sourcecode.swift; path = MatchPlayView.swift; sourceTree = "<group>"; };
		2697E16A79242AF14FF10256 /* HistoryDetailView.swift */ = {isa = PBXFileReference; lastKnownFileType = sourcecode.swift; path = HistoryDetailView.swift; sourceTree = "<group>"; };
		28E50786A288307CA348EB4C /* HistoryListView.swift */ = {isa = PBXFileReference; lastKnownFileType = sourcecode.swift; path = HistoryListView.swift; sourceTree = "<group>"; };
		2E3085EAB19FA97E55DB0D70 /* Info.plist */ = {isa = PBXFileReference; includeInIndex = 1; lastKnownFileType = text.plist.xml; path = Info.plist; sourceTree = "<group>"; };
		3BD054369BC077C799BBFF57 /* JoinLink.swift */ = {isa = PBXFileReference; includeInIndex = 1; lastKnownFileType = sourcecode.swift; path = JoinLink.swift; sourceTree = "<group>"; };
		3C2581102A3F3BC41B60D067 /* QuiMeneWidgetBundle.swift */ = {isa = PBXFileReference; includeInIndex = 1; lastKnownFileType = sourcecode.swift; path = QuiMeneWidgetBundle.swift; sourceTree = "<group>"; };
		4091B363DDA376BC3D929F1E /* GameRequestMail.swift */ = {isa = PBXFileReference; includeInIndex = 1; lastKnownFileType = sourcecode.swift; path = GameRequestMail.swift; sourceTree = "<group>"; };
		437E55AE4133903D59398F69 /* ParticipantRecord+Avatar.swift */ = {isa = PBXFileReference; lastKnownFileType = sourcecode.swift; path = "ParticipantRecord+Avatar.swift"; sourceTree = "<group>"; };
		46DFDD02B82CA2F050740E86 /* PlayerEditorModel.swift */ = {isa = PBXFileReference; lastKnownFileType = sourcecode.swift; path = PlayerEditorModel.swift; sourceTree = "<group>"; };
		491F86BC6CB843A08C8BFAC8 /* TarotRoundModel.swift */ = {isa = PBXFileReference; lastKnownFileType = sourcecode.swift; path = TarotRoundModel.swift; sourceTree = "<group>"; };
		4A9F5EDAC041F9E23EED5B5D /* SharedMatchView.swift */ = {isa = PBXFileReference; includeInIndex = 1; lastKnownFileType = sourcecode.swift; path = SharedMatchView.swift; sourceTree = "<group>"; };
		4DC2275071173C4FD737F895 /* SettingsView.swift */ = {isa = PBXFileReference; lastKnownFileType = sourcecode.swift; path = SettingsView.swift; sourceTree = "<group>"; };
		4F181C9B14E19D6B30064D7E /* PlayerEditorView.swift */ = {isa = PBXFileReference; lastKnownFileType = sourcecode.swift; path = PlayerEditorView.swift; sourceTree = "<group>"; };
		51937173CB82FD4B8BDEC2AA /* GameLeaderboardView.swift */ = {isa = PBXFileReference; includeInIndex = 1; lastKnownFileType = sourcecode.swift; path = GameLeaderboardView.swift; sourceTree = "<group>"; };
		5EFB7CD056077D671ED76AF9 /* GamesTabView.swift */ = {isa = PBXFileReference; lastKnownFileType = sourcecode.swift; path = GamesTabView.swift; sourceTree = "<group>"; };
		62E9F18BC8AC427EB63550A4 /* WizardRoundView.swift */ = {isa = PBXFileReference; lastKnownFileType = sourcecode.swift; path = WizardRoundView.swift; sourceTree = "<group>"; };
		63E171C3E9CD46419025BF66 /* JoinTabView.swift */ = {isa = PBXFileReference; includeInIndex = 1; lastKnownFileType = sourcecode.swift; path = JoinTabView.swift; sourceTree = "<group>"; };
		64408707A5A5A18290837917 /* PlayersListView.swift */ = {isa = PBXFileReference; lastKnownFileType = sourcecode.swift; path = PlayersListView.swift; sourceTree = "<group>"; };
		768FEE4048903956BFB3FB2B /* QuiMeneWidget.entitlements */ = {isa = PBXFileReference; includeInIndex = 1; lastKnownFileType = text.plist.entitlements; path = QuiMeneWidget.entitlements; sourceTree = "<group>"; };
		7A4AA12BF22916E17C286D79 /* ShareSessionView.swift */ = {isa = PBXFileReference; includeInIndex = 1; lastKnownFileType = sourcecode.swift; path = ShareSessionView.swift; sourceTree = "<group>"; };
		7A7326A3B54C2A7022BFF31D /* LiveMatchView.swift */ = {isa = PBXFileReference; lastKnownFileType = sourcecode.swift; path = LiveMatchView.swift; sourceTree = "<group>"; };
		7EF5EB3CCD9611F48C73CA25 /* ResultsView.swift */ = {isa = PBXFileReference; lastKnownFileType = sourcecode.swift; path = ResultsView.swift; sourceTree = "<group>"; };
		849F62578BC9685EEC910AC8 /* HistoryListModel.swift */ = {isa = PBXFileReference; lastKnownFileType = sourcecode.swift; path = HistoryListModel.swift; sourceTree = "<group>"; };
		8C242A8CBE4B3A54DF07033F /* MatchSetupModelTests.swift */ = {isa = PBXFileReference; lastKnownFileType = sourcecode.swift; path = MatchSetupModelTests.swift; sourceTree = "<group>"; };
		8DE229A134D6300341412C0E /* DeepLinkRouter.swift */ = {isa = PBXFileReference; includeInIndex = 1; lastKnownFileType = sourcecode.swift; path = DeepLinkRouter.swift; sourceTree = "<group>"; };
		8E82C29D2632630F7291EE5F /* QuiMeneApp.swift */ = {isa = PBXFileReference; lastKnownFileType = sourcecode.swift; path = QuiMeneApp.swift; sourceTree = "<group>"; };
		8FF955D9B59F4DB880763DAD /* QuiMeneUITests.swift */ = {isa = PBXFileReference; lastKnownFileType = sourcecode.swift; path = QuiMeneUITests.swift; sourceTree = "<group>"; };
		96207CDBA3609DE06C4239DF /* ProfileView.swift */ = {isa = PBXFileReference; lastKnownFileType = sourcecode.swift; path = ProfileView.swift; sourceTree = "<group>"; };
		B16A0000000000000000A001 /* ProfileTabView.swift */ = {isa = PBXFileReference; lastKnownFileType = sourcecode.swift; path = ProfileTabView.swift; sourceTree = "<group>"; };
		995D8274A3CEAA3E755A72E6 /* PlayerRecord+Avatar.swift */ = {isa = PBXFileReference; lastKnownFileType = sourcecode.swift; path = "PlayerRecord+Avatar.swift"; sourceTree = "<group>"; };
		9BB59FBD1B31E852B0902041 /* Assets.xcassets */ = {isa = PBXFileReference; lastKnownFileType = folder.assetcatalog; path = Assets.xcassets; sourceTree = "<group>"; };
		A1C0FFEE00000000000000A1 /* PrivacyInfo.xcprivacy */ = {isa = PBXFileReference; lastKnownFileType = text.xml; path = PrivacyInfo.xcprivacy; sourceTree = "<group>"; };
		A44F1408763A46ADA3A64F4D /* ArchivedMatchesView.swift */ = {isa = PBXFileReference; lastKnownFileType = sourcecode.swift; path = ArchivedMatchesView.swift; sourceTree = "<group>"; };
		A7EEC50D41274CA386185DD0 /* ReceivedMatchDetailView.swift */ = {isa = PBXFileReference; includeInIndex = 1; lastKnownFileType = sourcecode.swift; path = ReceivedMatchDetailView.swift; sourceTree = "<group>"; };
		A9DA809DE7377203DF8A1FC3 /* MatchConnectionCoordinator.swift */ = {isa = PBXFileReference; includeInIndex = 1; lastKnownFileType = sourcecode.swift; path = MatchConnectionCoordinator.swift; sourceTree = "<group>"; };
		AA1F1AA1301A3C0E002E85F9 /* QuiMene.entitlements */ = {isa = PBXFileReference; lastKnownFileType = text.plist.entitlements; path = QuiMene.entitlements; sourceTree = "<group>"; };
		AAB3431F9771731267D9EC71 /* ResultsShareCard.swift */ = {isa = PBXFileReference; lastKnownFileType = sourcecode.swift; path = ResultsShareCard.swift; sourceTree = "<group>"; };
		AAC33FCCCB34E3C6302345F6 /* LiveMatchModelTests.swift */ = {isa = PBXFileReference; lastKnownFileType = sourcecode.swift; path = LiveMatchModelTests.swift; sourceTree = "<group>"; };
		ACECD00F003F1196DA804A2D /* ArchivedPlayersView.swift */ = {isa = PBXFileReference; lastKnownFileType = sourcecode.swift; path = ArchivedPlayersView.swift; sourceTree = "<group>"; };
		B027CF6BA8617B3C6DF58619 /* QuiMene.app */ = {isa = PBXFileReference; explicitFileType = wrapper.application; includeInIndex = 0; path = QuiMene.app; sourceTree = BUILT_PRODUCTS_DIR; };
		B18BE4332F79E7E4167B768D /* RoundHistoryView.swift */ = {isa = PBXFileReference; includeInIndex = 1; lastKnownFileType = sourcecode.swift; path = RoundHistoryView.swift; sourceTree = "<group>"; };
		B4069F1BD7B30DB92C9BF1AB /* KeyboardObserver.swift */ = {isa = PBXFileReference; includeInIndex = 1; lastKnownFileType = sourcecode.swift; path = KeyboardObserver.swift; sourceTree = "<group>"; };
		B781475E221A4F2CA7D1908E /* QuiMeneUITests.xctest */ = {isa = PBXFileReference; explicitFileType = wrapper.cfbundle; includeInIndex = 0; path = QuiMeneUITests.xctest; sourceTree = BUILT_PRODUCTS_DIR; };
		BADA2645FCD7DF45BDBEF1A4 /* YamsSheetModel.swift */ = {isa = PBXFileReference; lastKnownFileType = sourcecode.swift; path = YamsSheetModel.swift; sourceTree = "<group>"; };
		BCA00ECB7595F62002FC421C /* MatchLiveActivityWidget.swift */ = {isa = PBXFileReference; includeInIndex = 1; lastKnownFileType = sourcecode.swift; path = MatchLiveActivityWidget.swift; sourceTree = "<group>"; };
		C15C1F1E2E5C224E80E4373A /* Info.plist */ = {isa = PBXFileReference; lastKnownFileType = text.plist.xml; path = Info.plist; sourceTree = "<group>"; };
		D5006B6B55B04D4B989A22DC /* WizardRoundModel.swift */ = {isa = PBXFileReference; lastKnownFileType = sourcecode.swift; path = WizardRoundModel.swift; sourceTree = "<group>"; };
		D6CCE5E938E2481F96A2BE45 /* TarotRoundView.swift */ = {isa = PBXFileReference; lastKnownFileType = sourcecode.swift; path = TarotRoundView.swift; sourceTree = "<group>"; };
		D90C5383931C73460C54F4F3 /* QRCodeView.swift */ = {isa = PBXFileReference; includeInIndex = 1; lastKnownFileType = sourcecode.swift; path = QRCodeView.swift; sourceTree = "<group>"; };
		DCA772F16A8046CCB612620B /* ScoreBoardView.swift */ = {isa = PBXFileReference; includeInIndex = 1; lastKnownFileType = sourcecode.swift; path = ScoreBoardView.swift; sourceTree = "<group>"; };
		DDD7C68BECEA4F45B88B67C5 /* SharedProfileSyncCoordinator.swift */ = {isa = PBXFileReference; includeInIndex = 1; lastKnownFileType = sourcecode.swift; path = SharedProfileSyncCoordinator.swift; sourceTree = "<group>"; };
		E2B32522E3C3BECDBE1FBB2B /* PlayerEditorModelTests.swift */ = {isa = PBXFileReference; lastKnownFileType = sourcecode.swift; path = PlayerEditorModelTests.swift; sourceTree = "<group>"; };
		E33D25510FA11118DE442CB2 /* BeloteRoundModel.swift */ = {isa = PBXFileReference; lastKnownFileType = sourcecode.swift; path = BeloteRoundModel.swift; sourceTree = "<group>"; };
		E465C66E83BEDE023DDBDBFB /* QRScannerView.swift */ = {isa = PBXFileReference; includeInIndex = 1; lastKnownFileType = sourcecode.swift; path = QRScannerView.swift; sourceTree = "<group>"; };
		E6251C1B9A134F5DA88F87E3 /* MatchContinuation.swift */ = {isa = PBXFileReference; includeInIndex = 1; lastKnownFileType = sourcecode.swift; path = MatchContinuation.swift; sourceTree = "<group>"; };
		ED88C4CDA8CFDA746AC9588D /* SharedMatchModel.swift */ = {isa = PBXFileReference; includeInIndex = 1; lastKnownFileType = sourcecode.swift; path = SharedMatchModel.swift; sourceTree = "<group>"; };
		EFAAD36FF72BABA0EA7DA7CC /* BeloteRoundView.swift */ = {isa = PBXFileReference; lastKnownFileType = sourcecode.swift; path = BeloteRoundView.swift; sourceTree = "<group>"; };
		F22BB7F6F50FBAC4AD75FF39 /* MatchSetupView.swift */ = {isa = PBXFileReference; lastKnownFileType = sourcecode.swift; path = MatchSetupView.swift; sourceTree = "<group>"; };
		F6F181867B7C700F8A482072 /* QuiMeneWidgetExtension.appex */ = {isa = PBXFileReference; explicitFileType = "wrapper.app-extension"; includeInIndex = 0; path = QuiMeneWidgetExtension.appex; sourceTree = BUILT_PRODUCTS_DIR; };
		FEC066611F334B03347B64CF /* MatchSetupModel.swift */ = {isa = PBXFileReference; lastKnownFileType = sourcecode.swift; path = MatchSetupModel.swift; sourceTree = "<group>"; };
		FECAC647297540EA84E48BF6 /* ProfileShareLink.swift */ = {isa = PBXFileReference; includeInIndex = 1; lastKnownFileType = sourcecode.swift; path = ProfileShareLink.swift; sourceTree = "<group>"; };
		FFA2D0561A3E0F80667540A2 /* QuiMeneTests.xctest */ = {isa = PBXFileReference; explicitFileType = wrapper.cfbundle; includeInIndex = 0; path = QuiMeneTests.xctest; sourceTree = BUILT_PRODUCTS_DIR; };
/* End PBXFileReference section */

/* Begin PBXFrameworksBuildPhase section */
		0FADB0769E747CA9472B9F10 /* Frameworks */ = {
			isa = PBXFrameworksBuildPhase;
			buildActionMask = 2147483647;
			files = (
				34DA3F2811B551DE7804DAA3 /* Domain in Frameworks */,
				B243C82CCD4FB7BD906DF139 /* Catalog in Frameworks */,
				912EA607857AFA5094D04769 /* Store in Frameworks */,
				9C43D7D16A3F53BA9787B2BF /* Sync in Frameworks */,
				7E2DCF48E4B0EF1AFC137EEC /* DesignSystem in Frameworks */,
			);
			runOnlyForDeploymentPostprocessing = 0;
		};
		8ACD8A9D920D1BD83E13E4AC /* Frameworks */ = {
			isa = PBXFrameworksBuildPhase;
			buildActionMask = 2147483647;
			files = (
				F90C9C1F96CB125785E4A63B /* Foundation.framework in Frameworks */,
				509242CF2FF4DB88D1125A94 /* Domain in Frameworks */,
				BE6BC237E6BEA852D7D6CC60 /* Catalog in Frameworks */,
				EA83AEE01FBE39E611E4EAA6 /* Store in Frameworks */,
			);
			runOnlyForDeploymentPostprocessing = 0;
		};
		9D94DE9D7B58497B024E8AC9 /* Frameworks */ = {
			isa = PBXFrameworksBuildPhase;
			buildActionMask = 2147483647;
			files = (
				033FC47E3D81ABFB62F0C352 /* Domain in Frameworks */,
				248B7282A9A5A9680B608D46 /* Catalog in Frameworks */,
				6F75B1B9F9DDD45985444DD6 /* Store in Frameworks */,
				12BA3242BD0820C1F303E6D0 /* DesignSystem in Frameworks */,
			);
			runOnlyForDeploymentPostprocessing = 0;
		};
		BFC7DC70155A42B09C2E56F2 /* Frameworks */ = {
			isa = PBXFrameworksBuildPhase;
			buildActionMask = 2147483647;
			files = (
			);
			runOnlyForDeploymentPostprocessing = 0;
		};
/* End PBXFrameworksBuildPhase section */

/* Begin PBXGroup section */
		0EB9BDDB8F8D7259DAE0BF20 /* MatchSetup */ = {
			isa = PBXGroup;
			children = (
				FEC066611F334B03347B64CF /* MatchSetupModel.swift */,
				F22BB7F6F50FBAC4AD75FF39 /* MatchSetupView.swift */,
				5EFB7CD056077D671ED76AF9 /* GamesTabView.swift */,
				63E171C3E9CD46419025BF66 /* JoinTabView.swift */,
				E465C66E83BEDE023DDBDBFB /* QRScannerView.swift */,
			);
			path = MatchSetup;
			sourceTree = "<group>";
		};
		209AD8EE9E38991B9AF90342 /* Products */ = {
			isa = PBXGroup;
			children = (
				B027CF6BA8617B3C6DF58619 /* QuiMene.app */,
				F6F181867B7C700F8A482072 /* QuiMeneWidgetExtension.appex */,
				B781475E221A4F2CA7D1908E /* QuiMeneUITests.xctest */,
				FFA2D0561A3E0F80667540A2 /* QuiMeneTests.xctest */,
			);
			name = Products;
			sourceTree = "<group>";
		};
		26769D15205A4915759DC99F /* QuiMeneTests */ = {
			isa = PBXGroup;
			children = (
				AAC33FCCCB34E3C6302345F6 /* LiveMatchModelTests.swift */,
				8C242A8CBE4B3A54DF07033F /* MatchSetupModelTests.swift */,
				E2B32522E3C3BECDBE1FBB2B /* PlayerEditorModelTests.swift */,
			);
			path = QuiMeneTests;
			sourceTree = "<group>";
		};
		32545BB46DA74D8AA5402E24 /* QuiMeneUITests */ = {
			isa = PBXGroup;
			children = (
				8FF955D9B59F4DB880763DAD /* QuiMeneUITests.swift */,
			);
			path = QuiMeneUITests;
			sourceTree = "<group>";
		};
		391E62B92C7976A946FCEB9F /* Resources */ = {
			isa = PBXGroup;
			children = (
				9BB59FBD1B31E852B0902041 /* Assets.xcassets */,
				1FD83055930B42098109B9DD /* Localizable.xcstrings */,
				A1C0FFEE00000000000000A1 /* PrivacyInfo.xcprivacy */,
			);
			path = Resources;
			sourceTree = "<group>";
		};
		528F4F1174DBC240F83F45EB /* QuiMeneWidget */ = {
			isa = PBXGroup;
			children = (
				2E3085EAB19FA97E55DB0D70 /* Info.plist */,
				768FEE4048903956BFB3FB2B /* QuiMeneWidget.entitlements */,
				3C2581102A3F3BC41B60D067 /* QuiMeneWidgetBundle.swift */,
				BCA00ECB7595F62002FC421C /* MatchLiveActivityWidget.swift */,
			);
			path = QuiMeneWidget;
			sourceTree = "<group>";
		};
		5709D4F8E4E87CE2401C9692 /* Players */ = {
			isa = PBXGroup;
			children = (
				995D8274A3CEAA3E755A72E6 /* PlayerRecord+Avatar.swift */,
				052D480A99B3CEFE2DC01CC6 /* AvatarPhotoProcessor.swift */,
				46DFDD02B82CA2F050740E86 /* PlayerEditorModel.swift */,
				4F181C9B14E19D6B30064D7E /* PlayerEditorView.swift */,
				64408707A5A5A18290837917 /* PlayersListView.swift */,
				ACECD00F003F1196DA804A2D /* ArchivedPlayersView.swift */,
			);
			path = Players;
			sourceTree = "<group>";
		};
		60F3395ABA4A63F021545AB6 /* Profile */ = {
			isa = PBXGroup;
			children = (
				96207CDBA3609DE06C4239DF /* ProfileView.swift */,
				B16A0000000000000000A001 /* ProfileTabView.swift */,
			);
			path = Profile;
			sourceTree = "<group>";
		};
		618B7E070E55A741981E546A /* Leaderboard */ = {
			isa = PBXGroup;
			children = (
				51937173CB82FD4B8BDEC2AA /* GameLeaderboardView.swift */,
				04A58E01CFAB3BC0DED7B19D /* LeaderboardEntry+Avatar.swift */,
			);
			path = Leaderboard;
			sourceTree = "<group>";
		};
		63F385DFADA16903F3B48348 /* Frameworks */ = {
			isa = PBXGroup;
			children = (
				C5CBDC52DADA911D1F146190 /* iOS */,
			);
			name = Frameworks;
			sourceTree = "<group>";
		};
		7D1A2B424726AB6BB42CE00C /* History */ = {
			isa = PBXGroup;
			children = (
				849F62578BC9685EEC910AC8 /* HistoryListModel.swift */,
				28E50786A288307CA348EB4C /* HistoryListView.swift */,
				2697E16A79242AF14FF10256 /* HistoryDetailView.swift */,
				A7EEC50D41274CA386185DD0 /* ReceivedMatchDetailView.swift */,
				A44F1408763A46ADA3A64F4D /* ArchivedMatchesView.swift */,
			);
			path = History;
			sourceTree = "<group>";
		};
		9493C0531CBA73508C8D95CB /* Results */ = {
			isa = PBXGroup;
			children = (
				437E55AE4133903D59398F69 /* ParticipantRecord+Avatar.swift */,
				7EF5EB3CCD9611F48C73CA25 /* ResultsView.swift */,
				AAB3431F9771731267D9EC71 /* ResultsShareCard.swift */,
			);
			path = Results;
			sourceTree = "<group>";
		};
		964DF914D15EE7BD800E0D40 = {
			isa = PBXGroup;
			children = (
				8E82C29D2632630F7291EE5F /* QuiMeneApp.swift */,
				FF107113EE23329E5E56C240 /* Features */,
				391E62B92C7976A946FCEB9F /* Resources */,
				3BD054369BC077C799BBFF57 /* JoinLink.swift */,
				FECAC647297540EA84E48BF6 /* ProfileShareLink.swift */,
				4091B363DDA376BC3D929F1E /* GameRequestMail.swift */,
				DDD7C68BECEA4F45B88B67C5 /* SharedProfileSyncCoordinator.swift */,
				8DE229A134D6300341412C0E /* DeepLinkRouter.swift */,
				E6251C1B9A134F5DA88F87E3 /* MatchContinuation.swift */,
				528F4F1174DBC240F83F45EB /* QuiMeneWidget */,
				08AE0320DC761E1775EBBD52 /* MatchLiveActivityController.swift */,
				B4069F1BD7B30DB92C9BF1AB /* KeyboardObserver.swift */,
			);
			sourceTree = "<group>";
		};
		9B397632E21EE731E109238D /* Settings */ = {
			isa = PBXGroup;
			children = (
				4DC2275071173C4FD737F895 /* SettingsView.swift */,
			);
			path = Settings;
			sourceTree = "<group>";
		};
		AF1722253D57223D616E5B6A /* LiveMatch */ = {
			isa = PBXGroup;
			children = (
				0F88BAB91585ED031873F11E /* LiveMatchModel.swift */,
				7A7326A3B54C2A7022BFF31D /* LiveMatchView.swift */,
				DCA772F16A8046CCB612620B /* ScoreBoardView.swift */,
				25AA1BD3EAD4A3DC5B516CC7 /* MatchPlayView.swift */,
				BADA2645FCD7DF45BDBEF1A4 /* YamsSheetModel.swift */,
				105261167430649BF69A491B /* YamsSheetView.swift */,
				E33D25510FA11118DE442CB2 /* BeloteRoundModel.swift */,
				EFAAD36FF72BABA0EA7DA7CC /* BeloteRoundView.swift */,
				491F86BC6CB843A08C8BFAC8 /* TarotRoundModel.swift */,
				D6CCE5E938E2481F96A2BE45 /* TarotRoundView.swift */,
				D5006B6B55B04D4B989A22DC /* WizardRoundModel.swift */,
				62E9F18BC8AC427EB63550A4 /* WizardRoundView.swift */,
				7A4AA12BF22916E17C286D79 /* ShareSessionView.swift */,
				ED88C4CDA8CFDA746AC9588D /* SharedMatchModel.swift */,
				4A9F5EDAC041F9E23EED5B5D /* SharedMatchView.swift */,
				A9DA809DE7377203DF8A1FC3 /* MatchConnectionCoordinator.swift */,
				15E03711B56AB6A5F9F7A288 /* LiveShareCoordinator.swift */,
				C16C0000000000000000A002 /* NextMatchPicker.swift */,
				C16C0000000000000000A001 /* SessionLink.swift */,
				D90C5383931C73460C54F4F3 /* QRCodeView.swift */,
				B18BE4332F79E7E4167B768D /* RoundHistoryView.swift */,
			);
			path = LiveMatch;
			sourceTree = "<group>";
		};
		B9FCD9EC037C18578EE32853 = {
			isa = PBXGroup;
			children = (
				AA1F1AA1301A3C0E002E85F9 /* QuiMene.entitlements */,
				C15C1F1E2E5C224E80E4373A /* Info.plist */,
				964DF914D15EE7BD800E0D40,
				32545BB46DA74D8AA5402E24 /* QuiMeneUITests */,
				26769D15205A4915759DC99F /* QuiMeneTests */,
				209AD8EE9E38991B9AF90342 /* Products */,
				63F385DFADA16903F3B48348 /* Frameworks */,
			);
			sourceTree = "<group>";
		};
		C5CBDC52DADA911D1F146190 /* iOS */ = {
			isa = PBXGroup;
			children = (
				166377630E42779B0C5793ED /* Foundation.framework */,
			);
			name = iOS;
			sourceTree = "<group>";
		};
		FF107113EE23329E5E56C240 /* Features */ = {
			isa = PBXGroup;
			children = (
				5709D4F8E4E87CE2401C9692 /* Players */,
				0EB9BDDB8F8D7259DAE0BF20 /* MatchSetup */,
				AF1722253D57223D616E5B6A /* LiveMatch */,
				9493C0531CBA73508C8D95CB /* Results */,
				7D1A2B424726AB6BB42CE00C /* History */,
				60F3395ABA4A63F021545AB6 /* Profile */,
				9B397632E21EE731E109238D /* Settings */,
				618B7E070E55A741981E546A /* Leaderboard */,
			);
			path = Features;
			sourceTree = "<group>";
		};
/* End PBXGroup section */

/* Begin PBXNativeTarget section */
		1222518E81A941A88C341B68 /* QuiMeneUITests */ = {
			isa = PBXNativeTarget;
			buildConfigurationList = 62AD556A601945189BCA1A37 /* Build configuration list for PBXNativeTarget "QuiMeneUITests" */;
			buildPhases = (
				E209B52BFD2645139C9BF0AB /* Sources */,
				BFC7DC70155A42B09C2E56F2 /* Frameworks */,
				BF16632F01244C28AD38599D /* Resources */,
			);
			buildRules = (
			);
			dependencies = (
				2B183AB79EC24B678EC35541 /* PBXTargetDependency */,
			);
			name = QuiMeneUITests;
			productName = QuiMeneUITests;
			productReference = B781475E221A4F2CA7D1908E /* QuiMeneUITests.xctest */;
			productType = "com.apple.product-type.bundle.ui-testing";
		};
		2A898A3753ABD779002A7245 /* QuiMeneTests */ = {
			isa = PBXNativeTarget;
			buildConfigurationList = AADE2AB3AAAF95ABEB1ABC0B /* Build configuration list for PBXNativeTarget "QuiMeneTests" */;
			buildPhases = (
				1DF18C0AD914C5E7E5BD8622 /* Sources */,
				9D94DE9D7B58497B024E8AC9 /* Frameworks */,
				06429C15DA6A6B8784DD89D4 /* Resources */,
			);
			buildRules = (
			);
			dependencies = (
				DBF3D6204E6DCA67EC7F97E8 /* PBXTargetDependency */,
			);
			name = QuiMeneTests;
			packageProductDependencies = (
				62ED812F1D8049CBAE6F6278 /* Domain */,
				0451D4F7B3D2724DB732295B /* Catalog */,
				E0D5A21FB1240814A77C1ECF /* Store */,
				F1447FC049859DEDCC4CDB4A /* DesignSystem */,
			);
			productName = QuiMeneTests;
			productReference = FFA2D0561A3E0F80667540A2 /* QuiMeneTests.xctest */;
			productType = "com.apple.product-type.bundle.unit-test";
		};
		A259F8DC917294226461FCC3 /* QuiMene */ = {
			isa = PBXNativeTarget;
			buildConfigurationList = 0F142AB91206C46A59D2ECE5 /* Build configuration list for PBXNativeTarget "QuiMene" */;
			buildPhases = (
				3E152B48243CE7A4FD7C020B /* Sources */,
				0FADB0769E747CA9472B9F10 /* Frameworks */,
				BCE913F26B4ED92335FD352A /* Resources */,
				2C8302DC0AB0E1304EB683D5 /* Embed Foundation Extensions */,
			);
			buildRules = (
			);
			dependencies = (
				96075D2E2528F8FC9A4E1671 /* PBXTargetDependency */,
			);
			name = QuiMene;
			packageProductDependencies = (
				B55D3B84D88AC66AE349B7FA /* Domain */,
				C393CB4A4C17D9669B3A38A2 /* Catalog */,
				D36CAD810ED43369A90639A4 /* Store */,
				F740A7CA732186A944BCFB08 /* Sync */,
				1C6B054AB4DCB332805D9C75 /* DesignSystem */,
			);
			productName = QuiMene;
			productReference = B027CF6BA8617B3C6DF58619 /* QuiMene.app */;
			productType = "com.apple.product-type.application";
		};
		E2AFF0D5BDF162F6150E5E89 /* QuiMeneWidgetExtension */ = {
			isa = PBXNativeTarget;
			buildConfigurationList = 9E6E45B78F8DEB2EA7C75045 /* Build configuration list for PBXNativeTarget "QuiMeneWidgetExtension" */;
			buildPhases = (
				C6E9B33E4CA454A0F7A3B30E /* Sources */,
				8ACD8A9D920D1BD83E13E4AC /* Frameworks */,
				A4E676A14B39C9932304916A /* Resources */,
			);
			buildRules = (
			);
			dependencies = (
			);
			name = QuiMeneWidgetExtension;
			packageProductDependencies = (
				52A42D4B0C5C94DF1D08F8CD /* Domain */,
				033073A7339C70DDE2FEF711 /* Catalog */,
				4169DC47B02D4B5A5F243DE9 /* Store */,
			);
			productName = QuiMeneWidgetExtension;
			productReference = F6F181867B7C700F8A482072 /* QuiMeneWidgetExtension.appex */;
			productType = "com.apple.product-type.app-extension";
		};
/* End PBXNativeTarget section */

/* Begin PBXProject section */
		194311EE5894E3937B117456 /* Project object */ = {
			isa = PBXProject;
			attributes = {
				BuildIndependentTargetsInParallel = 1;
				LastUpgradeCheck = 2700;
				TargetAttributes = {
					1222518E81A941A88C341B68 = {
						CreatedOnToolsVersion = 26.0;
						ProvisioningStyle = Automatic;
						TestTargetID = A259F8DC917294226461FCC3;
					};
					2A898A3753ABD779002A7245 = {
						CreatedOnToolsVersion = 26.0;
						ProvisioningStyle = Automatic;
						TestTargetID = A259F8DC917294226461FCC3;
					};
					A259F8DC917294226461FCC3 = {
						CreatedOnToolsVersion = 26.0;
						ProvisioningStyle = Automatic;
						SystemCapabilities = {
							com.apple.BackgroundModes = {
								enabled = 1;
							};
						};
					};
					E2AFF0D5BDF162F6150E5E89 = {
						CreatedOnToolsVersion = 26.0;
						ProvisioningStyle = Automatic;
					};
				};
			};
			buildConfigurationList = F2A25AC2F350A0DF67A70A44 /* Build configuration list for PBXProject "QuiMene" */;
			compatibilityVersion = "Xcode 14.0";
			developmentRegion = fr;
			hasScannedForEncodings = 0;
			knownRegions = (
				fr,
				en,
				es,
				de,
				it,
				Base,
			);
			mainGroup = B9FCD9EC037C18578EE32853;
			packageReferences = (
				3EDE9CB3A150C8C1BAE90A21 /* XCLocalSwiftPackageReference "../QuiMeneKit" */,
			);
			productRefGroup = 209AD8EE9E38991B9AF90342 /* Products */;
			projectDirPath = "";
			projectRoot = "";
			targets = (
				A259F8DC917294226461FCC3 /* QuiMene */,
				E2AFF0D5BDF162F6150E5E89 /* QuiMeneWidgetExtension */,
				1222518E81A941A88C341B68 /* QuiMeneUITests */,
				2A898A3753ABD779002A7245 /* QuiMeneTests */,
			);
		};
/* End PBXProject section */

/* Begin PBXResourcesBuildPhase section */
		06429C15DA6A6B8784DD89D4 /* Resources */ = {
			isa = PBXResourcesBuildPhase;
			buildActionMask = 2147483647;
			files = (
			);
			runOnlyForDeploymentPostprocessing = 0;
		};
		A4E676A14B39C9932304916A /* Resources */ = {
			isa = PBXResourcesBuildPhase;
			buildActionMask = 2147483647;
			files = (
			);
			runOnlyForDeploymentPostprocessing = 0;
		};
		BCE913F26B4ED92335FD352A /* Resources */ = {
			isa = PBXResourcesBuildPhase;
			buildActionMask = 2147483647;
			files = (
				6389CCBC2E955F0259E97312 /* Assets.xcassets in Resources */,
				5F633A43AE7C4EE4BACFCB7C /* Localizable.xcstrings in Resources */,
				A1C0FFEE00000000000000B2 /* PrivacyInfo.xcprivacy in Resources */,
			);
			runOnlyForDeploymentPostprocessing = 0;
		};
		BF16632F01244C28AD38599D /* Resources */ = {
			isa = PBXResourcesBuildPhase;
			buildActionMask = 2147483647;
			files = (
			);
			runOnlyForDeploymentPostprocessing = 0;
		};
/* End PBXResourcesBuildPhase section */

/* Begin PBXSourcesBuildPhase section */
		1DF18C0AD914C5E7E5BD8622 /* Sources */ = {
			isa = PBXSourcesBuildPhase;
			buildActionMask = 2147483647;
			files = (
				7640F44AE3EC6B71C8FB21C1 /* LiveMatchModelTests.swift in Sources */,
				3D8ED29B740891E0A83141FC /* MatchSetupModelTests.swift in Sources */,
				B6449644E869D1BE27A094BF /* PlayerEditorModelTests.swift in Sources */,
			);
			runOnlyForDeploymentPostprocessing = 0;
		};
		3E152B48243CE7A4FD7C020B /* Sources */ = {
			isa = PBXSourcesBuildPhase;
			buildActionMask = 2147483647;
			files = (
				A8DA3EEB38F09B316EF8A281 /* QuiMeneApp.swift in Sources */,
				449D14BD722EA2711E98EFEC /* PlayerRecord+Avatar.swift in Sources */,
				C227FDDBD1C6825CFF496CBA /* AvatarPhotoProcessor.swift in Sources */,
				B3565077B3AA441BAD9EDFF9 /* PlayerEditorModel.swift in Sources */,
				BD81CB8E6FA7BB85A98599A9 /* PlayerEditorView.swift in Sources */,
				A180C18A0F286D7716C8840B /* PlayersListView.swift in Sources */,
				79D0E3EDB4F4CE6D1B24E750 /* MatchSetupModel.swift in Sources */,
				23BC6769A3DEA226BAAC6BA9 /* MatchSetupView.swift in Sources */,
				9DE96A014697BE8E4D320CD8 /* LiveMatchModel.swift in Sources */,
				3F3546CAAB8E926419CC8851 /* LiveMatchView.swift in Sources */,
				21214466801143AA906B98BE /* ScoreBoardView.swift in Sources */,
				1C0AC5F7DB9C7CCDF5852C46 /* KeyboardObserver.swift in Sources */,
				1A4A5AF525AF7E3744290706 /* ParticipantRecord+Avatar.swift in Sources */,
				86FE3227B5C52B9EA27E1603 /* ResultsView.swift in Sources */,
				BB1F56D622DFABC00CB8B98C /* ResultsShareCard.swift in Sources */,
				4A56CC9B8C9F6878EB95DC28 /* HistoryListModel.swift in Sources */,
				7E89996D555AE0DAB9395FCE /* HistoryListView.swift in Sources */,
				B6B7C455B24B036B4984AF64 /* HistoryDetailView.swift in Sources */,
				7345EA92A33843BEABBBA361 /* ReceivedMatchDetailView.swift in Sources */,
				032C564DC8A0F3D4D62BC798 /* ProfileView.swift in Sources */,
				B16A0000000000000000B001 /* ProfileTabView.swift in Sources */,
				60FC842FC3B1BA12ED6EC82B /* SettingsView.swift in Sources */,
				163489A6E89B817A87D107A0 /* MatchPlayView.swift in Sources */,
				BE1477E7D8965E3F525C95B7 /* ArchivedPlayersView.swift in Sources */,
				B49371650F68455D9332EDD1 /* ArchivedMatchesView.swift in Sources */,
				F5C748596F7079EDC19CB3DA /* YamsSheetModel.swift in Sources */,
				A936D2508B01657A48888CA7 /* YamsSheetView.swift in Sources */,
				227E4860995218D9A9105300 /* GamesTabView.swift in Sources */,
				B46B3AADB48EFF455E74A65C /* BeloteRoundModel.swift in Sources */,
				C01898AD075E727F39FB5C3F /* BeloteRoundView.swift in Sources */,
				619A306B28F84BC1B13796B9 /* TarotRoundModel.swift in Sources */,
				61520B89D0584AE79C324B92 /* TarotRoundView.swift in Sources */,
				7133C10A6CB5431699C7EE61 /* WizardRoundModel.swift in Sources */,
				810333B2DED241AE91824EE1 /* WizardRoundView.swift in Sources */,
				84D74211B8E5780DC8B5E153 /* ShareSessionView.swift in Sources */,
				DDF0CF323C42A6717A2F2536 /* SharedMatchModel.swift in Sources */,
				399BEAEE80010D1CAE1085DA /* SharedMatchView.swift in Sources */,
				A8A8DA3BF70AD6F17224FC8F /* MatchConnectionCoordinator.swift in Sources */,
				CC6D4E2BB43A69AB79637081 /* LiveShareCoordinator.swift in Sources */,
				C16C0000000000000000B002 /* NextMatchPicker.swift in Sources */,
				C16C0000000000000000B001 /* SessionLink.swift in Sources */,
				9A65BC70B64D4BA9B175F5BF /* JoinTabView.swift in Sources */,
				C3AA6E864D68EC394369D686 /* JoinLink.swift in Sources */,
				EB18547401CE403AA928257E /* ProfileShareLink.swift in Sources */,
				9090DFA008FD57B2EDE7BB98 /* GameRequestMail.swift in Sources */,
				203B4F66DD594430ADC288C6 /* SharedProfileSyncCoordinator.swift in Sources */,
				CC4C14AE1927D962679B0443 /* DeepLinkRouter.swift in Sources */,
				FECF6A04A5074AE19E39062F /* MatchContinuation.swift in Sources */,
				5F0AAA9466CE0936F3BAA6B1 /* QRCodeView.swift in Sources */,
				4A2C78824B135828FE2E5FC6 /* QRScannerView.swift in Sources */,
				ED9802FF72A9AD579FC068EF /* MatchLiveActivityController.swift in Sources */,
				52E4F168D3F9659FD5DA76CE /* RoundHistoryView.swift in Sources */,
				93ABBD31DC73BCD3BFF9E6A5 /* GameLeaderboardView.swift in Sources */,
				219476AA6D1FAB5C436F851C /* LeaderboardEntry+Avatar.swift in Sources */,
			);
			runOnlyForDeploymentPostprocessing = 0;
		};
		C6E9B33E4CA454A0F7A3B30E /* Sources */ = {
			isa = PBXSourcesBuildPhase;
			buildActionMask = 2147483647;
			files = (
				188202D3EB10D2CD01A3BC5C /* QuiMeneWidgetBundle.swift in Sources */,
				22A26A3D66FC3BDB4954FE9F /* MatchLiveActivityWidget.swift in Sources */,
			);
			runOnlyForDeploymentPostprocessing = 0;
		};
		E209B52BFD2645139C9BF0AB /* Sources */ = {
			isa = PBXSourcesBuildPhase;
			buildActionMask = 2147483647;
			files = (
				FD8BC4C3AE2D4819B0583BCA /* QuiMeneUITests.swift in Sources */,
			);
			runOnlyForDeploymentPostprocessing = 0;
		};
/* End PBXSourcesBuildPhase section */

/* Begin PBXTargetDependency section */
		2B183AB79EC24B678EC35541 /* PBXTargetDependency */ = {
			isa = PBXTargetDependency;
			target = A259F8DC917294226461FCC3 /* QuiMene */;
			targetProxy = 793A0DEA49A843B1AAC0ABAF /* PBXContainerItemProxy */;
		};
		96075D2E2528F8FC9A4E1671 /* PBXTargetDependency */ = {
			isa = PBXTargetDependency;
			name = QuiMeneWidgetExtension;
			target = E2AFF0D5BDF162F6150E5E89 /* QuiMeneWidgetExtension */;
			targetProxy = 5CF327D7F748F95AF8101FEA /* PBXContainerItemProxy */;
		};
		DBF3D6204E6DCA67EC7F97E8 /* PBXTargetDependency */ = {
			isa = PBXTargetDependency;
			target = A259F8DC917294226461FCC3 /* QuiMene */;
			targetProxy = 9B4F4128897172553FA091C0 /* PBXContainerItemProxy */;
		};
/* End PBXTargetDependency section */

/* Begin XCBuildConfiguration section */
		09D3899D409D64BF10E12D7F /* Debug */ = {
			isa = XCBuildConfiguration;
			buildSettings = {
				ASSETCATALOG_COMPILER_APPICON_NAME = AppIcon;
				ASSETCATALOG_COMPILER_GLOBAL_ACCENT_COLOR_NAME = AccentColor;
				CODE_SIGN_ENTITLEMENTS = QuiMene.entitlements;
				CODE_SIGN_STYLE = Automatic;
				CURRENT_PROJECT_VERSION = 1;
				DEVELOPMENT_TEAM = U79ZYL8WF3;
				ENABLE_PREVIEWS = YES;
				INFOPLIST_FILE = Info.plist;
				LD_RUNPATH_SEARCH_PATHS = (
					"$(inherited)",
					"@executable_path/Frameworks",
				);
				MARKETING_VERSION = 1.0;
				PRODUCT_BUNDLE_IDENTIFIER = com.quimene.app;
				PRODUCT_NAME = "$(TARGET_NAME)";
				SWIFT_EMIT_LOC_STRINGS = YES;
				SWIFT_TREAT_WARNINGS_AS_ERRORS = YES;
				SWIFT_VERSION = 6.0;
				TARGETED_DEVICE_FAMILY = "1,2";
			};
			name = Debug;
		};
		2FDAC4CA621544B7819490EB /* Release */ = {
			isa = XCBuildConfiguration;
			buildSettings = {
				CODE_SIGN_STYLE = Automatic;
				CURRENT_PROJECT_VERSION = 1;
				DEVELOPMENT_TEAM = U79ZYL8WF3;
				GENERATE_INFOPLIST_FILE = YES;
				IPHONEOS_DEPLOYMENT_TARGET = 18.0;
				LD_RUNPATH_SEARCH_PATHS = (
					"$(inherited)",
					"@executable_path/Frameworks",
					"@loader_path/Frameworks",
				);
				MARKETING_VERSION = 1.0;
				PRODUCT_BUNDLE_IDENTIFIER = com.quimene.app.QuiMeneUITests;
				PRODUCT_NAME = "$(TARGET_NAME)";
				SWIFT_TREAT_WARNINGS_AS_ERRORS = YES;
				SWIFT_VERSION = 6.0;
				TARGETED_DEVICE_FAMILY = "1,2";
				TEST_TARGET_NAME = QuiMene;
			};
			name = Release;
		};
		465038074C7B61637AE7450A /* Release */ = {
			isa = XCBuildConfiguration;
			buildSettings = {
				ALWAYS_SEARCH_USER_PATHS = NO;
				CLANG_ANALYZER_LOCALIZABILITY_NONLOCALIZED = YES;
				CLANG_ANALYZER_NONNULL = YES;
				CLANG_ANALYZER_NUMBER_OBJECT_CONVERSION = YES_AGGRESSIVE;
				CLANG_CXX_LANGUAGE_STANDARD = "gnu++20";
				CLANG_ENABLE_MODULES = YES;
				CLANG_ENABLE_OBJC_ARC = YES;
				CLANG_ENABLE_OBJC_WEAK = YES;
				CLANG_WARN_BLOCK_CAPTURE_AUTORELEASING = YES;
				CLANG_WARN_BOOL_CONVERSION = YES;
				CLANG_WARN_COMMA = YES;
				CLANG_WARN_CONSTANT_CONVERSION = YES;
				CLANG_WARN_DEPRECATED_OBJC_IMPLEMENTATIONS = YES;
				CLANG_WARN_DIRECT_OBJC_ISA_USAGE = YES_ERROR;
				CLANG_WARN_DOCUMENTATION_COMMENTS = YES;
				CLANG_WARN_EMPTY_BODY = YES;
				CLANG_WARN_ENUM_CONVERSION = YES;
				CLANG_WARN_INFINITE_RECURSION = YES;
				CLANG_WARN_INT_CONVERSION = YES;
				CLANG_WARN_NON_LITERAL_NULL_CONVERSION = YES;
				CLANG_WARN_OBJC_IMPLICIT_RETAIN_SELF = YES;
				CLANG_WARN_OBJC_LITERAL_CONVERSION = YES;
				CLANG_WARN_OBJC_ROOT_CLASS = YES_ERROR;
				CLANG_WARN_QUOTED_INCLUDE_IN_FRAMEWORK_HEADER = YES;
				CLANG_WARN_RANGE_LOOP_ANALYSIS = YES;
				CLANG_WARN_STRICT_PROTOTYPES = YES;
				CLANG_WARN_SUSPICIOUS_MOVE = YES;
				CLANG_WARN_UNGUARDED_AVAILABILITY = YES_AGGRESSIVE;
				CLANG_WARN_UNREACHABLE_CODE = YES;
				CLANG_WARN__DUPLICATE_METHOD_MATCH = YES;
				COPY_PHASE_STRIP = NO;
				DEBUG_INFORMATION_FORMAT = "dwarf-with-dsym";
				DEVELOPMENT_TEAM = U79ZYL8WF3;
				ENABLE_NS_ASSERTIONS = NO;
				ENABLE_STRICT_OBJC_MSGSEND = YES;
				ENABLE_USER_SCRIPT_SANDBOXING = YES;
				GCC_C_LANGUAGE_STANDARD = gnu17;
				GCC_NO_COMMON_BLOCKS = YES;
				GCC_WARN_64_TO_32_BIT_CONVERSION = YES;
				GCC_WARN_ABOUT_RETURN_TYPE = YES_ERROR;
				GCC_WARN_UNDECLARED_SELECTOR = YES;
				GCC_WARN_UNINITIALIZED_AUTOS = YES_AGGRESSIVE;
				GCC_WARN_UNUSED_FUNCTION = YES;
				GCC_WARN_UNUSED_VARIABLE = YES;
				IPHONEOS_DEPLOYMENT_TARGET = 18.0;
				MTL_ENABLE_DEBUG_INFO = NO;
				MTL_FAST_MATH = YES;
				ONLY_ACTIVE_ARCH = NO;
				SDKROOT = iphoneos;
				STRING_CATALOG_GENERATE_SYMBOLS = YES;
				SWIFT_COMPILATION_MODE = wholemodule;
				SWIFT_OPTIMIZATION_LEVEL = "-O";
				VALIDATE_PRODUCT = YES;
			};
			name = Release;
		};
		5408C1DE55DC69D536EB3305 /* Debug */ = {
			isa = XCBuildConfiguration;
			buildSettings = {
				ALWAYS_SEARCH_USER_PATHS = NO;
				CLANG_ANALYZER_LOCALIZABILITY_NONLOCALIZED = YES;
				CLANG_ANALYZER_NONNULL = YES;
				CLANG_ANALYZER_NUMBER_OBJECT_CONVERSION = YES_AGGRESSIVE;
				CLANG_CXX_LANGUAGE_STANDARD = "gnu++20";
				CLANG_ENABLE_MODULES = YES;
				CLANG_ENABLE_OBJC_ARC = YES;
				CLANG_ENABLE_OBJC_WEAK = YES;
				CLANG_WARN_BLOCK_CAPTURE_AUTORELEASING = YES;
				CLANG_WARN_BOOL_CONVERSION = YES;
				CLANG_WARN_COMMA = YES;
				CLANG_WARN_CONSTANT_CONVERSION = YES;
				CLANG_WARN_DEPRECATED_OBJC_IMPLEMENTATIONS = YES;
				CLANG_WARN_DIRECT_OBJC_ISA_USAGE = YES_ERROR;
				CLANG_WARN_DOCUMENTATION_COMMENTS = YES;
				CLANG_WARN_EMPTY_BODY = YES;
				CLANG_WARN_ENUM_CONVERSION = YES;
				CLANG_WARN_INFINITE_RECURSION = YES;
				CLANG_WARN_INT_CONVERSION = YES;
				CLANG_WARN_NON_LITERAL_NULL_CONVERSION = YES;
				CLANG_WARN_OBJC_IMPLICIT_RETAIN_SELF = YES;
				CLANG_WARN_OBJC_LITERAL_CONVERSION = YES;
				CLANG_WARN_OBJC_ROOT_CLASS = YES_ERROR;
				CLANG_WARN_QUOTED_INCLUDE_IN_FRAMEWORK_HEADER = YES;
				CLANG_WARN_RANGE_LOOP_ANALYSIS = YES;
				CLANG_WARN_STRICT_PROTOTYPES = YES;
				CLANG_WARN_SUSPICIOUS_MOVE = YES;
				CLANG_WARN_UNGUARDED_AVAILABILITY = YES_AGGRESSIVE;
				CLANG_WARN_UNREACHABLE_CODE = YES;
				CLANG_WARN__DUPLICATE_METHOD_MATCH = YES;
				COPY_PHASE_STRIP = NO;
				DEBUG_INFORMATION_FORMAT = dwarf;
				DEVELOPMENT_TEAM = U79ZYL8WF3;
				ENABLE_STRICT_OBJC_MSGSEND = YES;
				ENABLE_TESTABILITY = YES;
				ENABLE_USER_SCRIPT_SANDBOXING = YES;
				GCC_C_LANGUAGE_STANDARD = gnu17;
				GCC_DYNAMIC_NO_PIC = NO;
				GCC_NO_COMMON_BLOCKS = YES;
				GCC_OPTIMIZATION_LEVEL = 0;
				GCC_PREPROCESSOR_DEFINITIONS = (
					"DEBUG=1",
					"$(inherited)",
				);
				GCC_WARN_64_TO_32_BIT_CONVERSION = YES;
				GCC_WARN_ABOUT_RETURN_TYPE = YES_ERROR;
				GCC_WARN_UNDECLARED_SELECTOR = YES;
				GCC_WARN_UNINITIALIZED_AUTOS = YES_AGGRESSIVE;
				GCC_WARN_UNUSED_FUNCTION = YES;
				GCC_WARN_UNUSED_VARIABLE = YES;
				IPHONEOS_DEPLOYMENT_TARGET = 18.0;
				MTL_ENABLE_DEBUG_INFO = INCLUDE_SOURCE;
				MTL_FAST_MATH = YES;
				ONLY_ACTIVE_ARCH = YES;
				SDKROOT = iphoneos;
				STRING_CATALOG_GENERATE_SYMBOLS = YES;
				SWIFT_ACTIVE_COMPILATION_CONDITIONS = "DEBUG $(inherited)";
				SWIFT_OPTIMIZATION_LEVEL = "-Onone";
			};
			name = Debug;
		};
		6303DAD2615DBF4E7B782BBF /* Release */ = {
			isa = XCBuildConfiguration;
			buildSettings = {
				ASSETCATALOG_COMPILER_APPICON_NAME = AppIcon;
				ASSETCATALOG_COMPILER_GLOBAL_ACCENT_COLOR_NAME = AccentColor;
				CODE_SIGN_ENTITLEMENTS = QuiMene.entitlements;
				CODE_SIGN_STYLE = Automatic;
				CURRENT_PROJECT_VERSION = 1;
				DEVELOPMENT_TEAM = U79ZYL8WF3;
				ENABLE_PREVIEWS = YES;
				INFOPLIST_FILE = Info.plist;
				LD_RUNPATH_SEARCH_PATHS = (
					"$(inherited)",
					"@executable_path/Frameworks",
				);
				MARKETING_VERSION = 1.0;
				PRODUCT_BUNDLE_IDENTIFIER = com.quimene.app;
				PRODUCT_NAME = "$(TARGET_NAME)";
				SWIFT_EMIT_LOC_STRINGS = YES;
				SWIFT_TREAT_WARNINGS_AS_ERRORS = YES;
				SWIFT_VERSION = 6.0;
				TARGETED_DEVICE_FAMILY = "1,2";
			};
			name = Release;
		};
		7329BD3F583F55EC52AB69B2 /* Release */ = {
			isa = XCBuildConfiguration;
			buildSettings = {
				BUNDLE_LOADER = "$(TEST_HOST)";
				CODE_SIGN_STYLE = Automatic;
				CURRENT_PROJECT_VERSION = 1;
				DEVELOPMENT_TEAM = U79ZYL8WF3;
				GENERATE_INFOPLIST_FILE = YES;
				IPHONEOS_DEPLOYMENT_TARGET = 18.0;
				LD_RUNPATH_SEARCH_PATHS = (
					"$(inherited)",
					"@executable_path/Frameworks",
					"@loader_path/Frameworks",
				);
				MARKETING_VERSION = 1.0;
				PRODUCT_BUNDLE_IDENTIFIER = com.quimene.app.QuiMeneTests;
				PRODUCT_NAME = "$(TARGET_NAME)";
				SWIFT_TREAT_WARNINGS_AS_ERRORS = YES;
				SWIFT_VERSION = 6.0;
				TARGETED_DEVICE_FAMILY = "1,2";
				TEST_HOST = "$(BUILT_PRODUCTS_DIR)/QuiMene.app/QuiMene";
				TEST_TARGET_NAME = QuiMene;
			};
			name = Release;
		};
		A9012A6BB3E7C85A41A4E871 /* Debug */ = {
			isa = XCBuildConfiguration;
			buildSettings = {
				CLANG_ENABLE_OBJC_WEAK = NO;
				CODE_SIGN_ENTITLEMENTS = QuiMeneWidget/QuiMeneWidget.entitlements;
				CODE_SIGN_STYLE = Automatic;
				CURRENT_PROJECT_VERSION = 1;
				DEVELOPMENT_TEAM = U79ZYL8WF3;
				INFOPLIST_FILE = QuiMeneWidget/Info.plist;
				INFOPLIST_KEY_CFBundleDisplayName = "Qui Mène ?";
				IPHONEOS_DEPLOYMENT_TARGET = 18.0;
				LD_RUNPATH_SEARCH_PATHS = (
					"$(inherited)",
					"@executable_path/Frameworks",
					"@executable_path/../../Frameworks",
				);
				MARKETING_VERSION = 1.0;
				PRODUCT_BUNDLE_IDENTIFIER = com.quimene.app.widget;
				PRODUCT_NAME = "$(TARGET_NAME)";
				SDKROOT = iphoneos;
				SKIP_INSTALL = YES;
				SWIFT_EMIT_LOC_STRINGS = YES;
				SWIFT_TREAT_WARNINGS_AS_ERRORS = YES;
				SWIFT_VERSION = 6.0;
				TARGETED_DEVICE_FAMILY = "1,2";
			};
			name = Debug;
		};
		BEB0904E3184228DB1B49E44 /* Release */ = {
			isa = XCBuildConfiguration;
			buildSettings = {
				CLANG_ENABLE_OBJC_WEAK = NO;
				CODE_SIGN_ENTITLEMENTS = QuiMeneWidget/QuiMeneWidget.entitlements;
				CODE_SIGN_STYLE = Automatic;
				CURRENT_PROJECT_VERSION = 1;
				DEVELOPMENT_TEAM = U79ZYL8WF3;
				INFOPLIST_FILE = QuiMeneWidget/Info.plist;
				INFOPLIST_KEY_CFBundleDisplayName = "Qui Mène ?";
				IPHONEOS_DEPLOYMENT_TARGET = 18.0;
				LD_RUNPATH_SEARCH_PATHS = (
					"$(inherited)",
					"@executable_path/Frameworks",
					"@executable_path/../../Frameworks",
				);
				MARKETING_VERSION = 1.0;
				PRODUCT_BUNDLE_IDENTIFIER = com.quimene.app.widget;
				PRODUCT_NAME = "$(TARGET_NAME)";
				SDKROOT = iphoneos;
				SKIP_INSTALL = YES;
				SWIFT_EMIT_LOC_STRINGS = YES;
				SWIFT_TREAT_WARNINGS_AS_ERRORS = YES;
				SWIFT_VERSION = 6.0;
				TARGETED_DEVICE_FAMILY = "1,2";
				VALIDATE_PRODUCT = YES;
			};
			name = Release;
		};
		E87C724D9F7C44EF95B8F876 /* Debug */ = {
			isa = XCBuildConfiguration;
			buildSettings = {
				CODE_SIGN_STYLE = Automatic;
				CURRENT_PROJECT_VERSION = 1;
				DEVELOPMENT_TEAM = U79ZYL8WF3;
				GENERATE_INFOPLIST_FILE = YES;
				IPHONEOS_DEPLOYMENT_TARGET = 18.0;
				LD_RUNPATH_SEARCH_PATHS = (
					"$(inherited)",
					"@executable_path/Frameworks",
					"@loader_path/Frameworks",
				);
				MARKETING_VERSION = 1.0;
				PRODUCT_BUNDLE_IDENTIFIER = com.quimene.app.QuiMeneUITests;
				PRODUCT_NAME = "$(TARGET_NAME)";
				SWIFT_TREAT_WARNINGS_AS_ERRORS = YES;
				SWIFT_VERSION = 6.0;
				TARGETED_DEVICE_FAMILY = "1,2";
				TEST_TARGET_NAME = QuiMene;
			};
			name = Debug;
		};
		F24E5FE4764B0B02C7B1BF74 /* Debug */ = {
			isa = XCBuildConfiguration;
			buildSettings = {
				BUNDLE_LOADER = "$(TEST_HOST)";
				CODE_SIGN_STYLE = Automatic;
				CURRENT_PROJECT_VERSION = 1;
				DEVELOPMENT_TEAM = U79ZYL8WF3;
				GENERATE_INFOPLIST_FILE = YES;
				IPHONEOS_DEPLOYMENT_TARGET = 18.0;
				LD_RUNPATH_SEARCH_PATHS = (
					"$(inherited)",
					"@executable_path/Frameworks",
					"@loader_path/Frameworks",
				);
				MARKETING_VERSION = 1.0;
				PRODUCT_BUNDLE_IDENTIFIER = com.quimene.app.QuiMeneTests;
				PRODUCT_NAME = "$(TARGET_NAME)";
				SWIFT_TREAT_WARNINGS_AS_ERRORS = YES;
				SWIFT_VERSION = 6.0;
				TARGETED_DEVICE_FAMILY = "1,2";
				TEST_HOST = "$(BUILT_PRODUCTS_DIR)/QuiMene.app/QuiMene";
				TEST_TARGET_NAME = QuiMene;
			};
			name = Debug;
		};
/* End XCBuildConfiguration section */

/* Begin XCConfigurationList section */
		0F142AB91206C46A59D2ECE5 /* Build configuration list for PBXNativeTarget "QuiMene" */ = {
			isa = XCConfigurationList;
			buildConfigurations = (
				09D3899D409D64BF10E12D7F /* Debug */,
				6303DAD2615DBF4E7B782BBF /* Release */,
			);
			defaultConfigurationIsVisible = 0;
			defaultConfigurationName = Release;
		};
		62AD556A601945189BCA1A37 /* Build configuration list for PBXNativeTarget "QuiMeneUITests" */ = {
			isa = XCConfigurationList;
			buildConfigurations = (
				E87C724D9F7C44EF95B8F876 /* Debug */,
				2FDAC4CA621544B7819490EB /* Release */,
			);
			defaultConfigurationIsVisible = 0;
			defaultConfigurationName = Release;
		};
		9E6E45B78F8DEB2EA7C75045 /* Build configuration list for PBXNativeTarget "QuiMeneWidgetExtension" */ = {
			isa = XCConfigurationList;
			buildConfigurations = (
				BEB0904E3184228DB1B49E44 /* Release */,
				A9012A6BB3E7C85A41A4E871 /* Debug */,
			);
			defaultConfigurationIsVisible = 0;
			defaultConfigurationName = Release;
		};
		AADE2AB3AAAF95ABEB1ABC0B /* Build configuration list for PBXNativeTarget "QuiMeneTests" */ = {
			isa = XCConfigurationList;
			buildConfigurations = (
				F24E5FE4764B0B02C7B1BF74 /* Debug */,
				7329BD3F583F55EC52AB69B2 /* Release */,
			);
			defaultConfigurationIsVisible = 0;
			defaultConfigurationName = Release;
		};
		F2A25AC2F350A0DF67A70A44 /* Build configuration list for PBXProject "QuiMene" */ = {
			isa = XCConfigurationList;
			buildConfigurations = (
				5408C1DE55DC69D536EB3305 /* Debug */,
				465038074C7B61637AE7450A /* Release */,
			);
			defaultConfigurationIsVisible = 0;
			defaultConfigurationName = Release;
		};
/* End XCConfigurationList section */

/* Begin XCLocalSwiftPackageReference section */
		3EDE9CB3A150C8C1BAE90A21 /* XCLocalSwiftPackageReference "../QuiMeneKit" */ = {
			isa = XCLocalSwiftPackageReference;
			relativePath = ../QuiMeneKit;
		};
/* End XCLocalSwiftPackageReference section */

/* Begin XCSwiftPackageProductDependency section */
		033073A7339C70DDE2FEF711 /* Catalog */ = {
			isa = XCSwiftPackageProductDependency;
			package = 3EDE9CB3A150C8C1BAE90A21 /* XCLocalSwiftPackageReference "../QuiMeneKit" */;
			productName = Catalog;
		};
		0451D4F7B3D2724DB732295B /* Catalog */ = {
			isa = XCSwiftPackageProductDependency;
			package = 3EDE9CB3A150C8C1BAE90A21 /* XCLocalSwiftPackageReference "../QuiMeneKit" */;
			productName = Catalog;
		};
		1C6B054AB4DCB332805D9C75 /* DesignSystem */ = {
			isa = XCSwiftPackageProductDependency;
			package = 3EDE9CB3A150C8C1BAE90A21 /* XCLocalSwiftPackageReference "../QuiMeneKit" */;
			productName = DesignSystem;
		};
		4169DC47B02D4B5A5F243DE9 /* Store */ = {
			isa = XCSwiftPackageProductDependency;
			package = 3EDE9CB3A150C8C1BAE90A21 /* XCLocalSwiftPackageReference "../QuiMeneKit" */;
			productName = Store;
		};
		52A42D4B0C5C94DF1D08F8CD /* Domain */ = {
			isa = XCSwiftPackageProductDependency;
			package = 3EDE9CB3A150C8C1BAE90A21 /* XCLocalSwiftPackageReference "../QuiMeneKit" */;
			productName = Domain;
		};
		62ED812F1D8049CBAE6F6278 /* Domain */ = {
			isa = XCSwiftPackageProductDependency;
			package = 3EDE9CB3A150C8C1BAE90A21 /* XCLocalSwiftPackageReference "../QuiMeneKit" */;
			productName = Domain;
		};
		B55D3B84D88AC66AE349B7FA /* Domain */ = {
			isa = XCSwiftPackageProductDependency;
			package = 3EDE9CB3A150C8C1BAE90A21 /* XCLocalSwiftPackageReference "../QuiMeneKit" */;
			productName = Domain;
		};
		C393CB4A4C17D9669B3A38A2 /* Catalog */ = {
			isa = XCSwiftPackageProductDependency;
			package = 3EDE9CB3A150C8C1BAE90A21 /* XCLocalSwiftPackageReference "../QuiMeneKit" */;
			productName = Catalog;
		};
		D36CAD810ED43369A90639A4 /* Store */ = {
			isa = XCSwiftPackageProductDependency;
			package = 3EDE9CB3A150C8C1BAE90A21 /* XCLocalSwiftPackageReference "../QuiMeneKit" */;
			productName = Store;
		};
		E0D5A21FB1240814A77C1ECF /* Store */ = {
			isa = XCSwiftPackageProductDependency;
			package = 3EDE9CB3A150C8C1BAE90A21 /* XCLocalSwiftPackageReference "../QuiMeneKit" */;
			productName = Store;
		};
		F1447FC049859DEDCC4CDB4A /* DesignSystem */ = {
			isa = XCSwiftPackageProductDependency;
			package = 3EDE9CB3A150C8C1BAE90A21 /* XCLocalSwiftPackageReference "../QuiMeneKit" */;
			productName = DesignSystem;
		};
		F740A7CA732186A944BCFB08 /* Sync */ = {
			isa = XCSwiftPackageProductDependency;
			package = 3EDE9CB3A150C8C1BAE90A21 /* XCLocalSwiftPackageReference "../QuiMeneKit" */;
			productName = Sync;
		};
/* End XCSwiftPackageProductDependency section */
	};
	rootObject = 194311EE5894E3937B117456 /* Project object */;
}
